PODS:
  - FBSnapshotTestCase (2.1.4):
    - FBSnapshotTestCase/SwiftSupport (= 2.1.4)
  - FBSnapshotTestCase/Core (2.1.4)
  - FBSnapshotTestCase/SwiftSupport (2.1.4):
    - FBSnapshotTestCase/Core
  - Nimble (8.0.2)
  - PopupDialog (0.5.6)

DEPENDENCIES:
  - FBSnapshotTestCase
  - Nimble
  - PopupDialog (from `../`)

SPEC REPOS:
  https://github.com/cocoapods/specs.git:
    - FBSnapshotTestCase
    - Nimble

EXTERNAL SOURCES:
  PopupDialog:
    :path: "../"

SPEC CHECKSUMS:
  FBSnapshotTestCase: 094f9f314decbabe373b87cc339bea235a63e07a
  Nimble: 622629381bda1dd5678162f21f1368cec7cbba60
  PopupDialog: 38125d639b05237a9efceb72c91f0c3f14b9f77f

PODFILE CHECKSUM: bcdb64709e01a3c24c3ec175ec7488565439522b

COCOAPODS: 1.7.4
